// !$*UTF8*$!
{
	archiveVersion = 1;
	classes = {
	};
	objectVersion = 77;
	objects = {

/* Begin PBXBuildFile section */
		0B68A51B45F53C7D6D39FEE8 /* ScreenTimeManager.swift in Sources */ = {isa = PBXBuildFile; fileRef = 174CD04D3E2DFF92C892A21D /* ScreenTimeManager.swift */; };
		10E7A5FBD8C3D29C1BBDEE03 /* FirebaseCore in Frameworks */ = {isa = PBXBuildFile; productRef = 19A886431E899E42E51906A0 /* FirebaseCore */; };
		29FEF3A73C7D784797BB8B29 /* AppListView.swift in Sources */ = {isa = PBXBuildFile; fileRef = 71249C6A275A9BD1B7319635 /* AppListView.swift */; };
		2CDBCB38E8FF0E90CD42CCFF /* APIClient.swift in Sources */ = {isa = PBXBuildFile; fileRef = E3608B3C672B7A472AD2AFDD /* APIClient.swift */; };
		376636D3B0D69E12D542DAA8 /* HomeView.swift in Sources */ = {isa = PBXBuildFile; fileRef = 95DF60C6C2CAA8A7C7661BA2 /* HomeView.swift */; };
		384C17D344ACCA136E2691E6 /* VehiclesView.swift in Sources */ = {isa = PBXBuildFile; fileRef = E2FE3A4D919B4D3C8826CAAC /* VehiclesView.swift */; };
		3A1FA1F8B1D21A30E70059D7 /* SubscriptionView.swift in Sources */ = {isa = PBXBuildFile; fileRef = 33CA7FFC7532F54EE6C7CC85 /* SubscriptionView.swift */; };
		3D3A958BC9489BDDFB80EAA6 /* ProfileView.swift in Sources */ = {isa = PBXBuildFile; fileRef = 00E6A8AFB62CFCEDBC911AB5 /* ProfileView.swift */; };
		425F912A372D339508B6453B /* RegisterView.swift in Sources */ = {isa = PBXBuildFile; fileRef = 0F06C51A8E646DEB86A8E4FF /* RegisterView.swift */; };
		450128413A68E10FD8F82623 /* LockScreenView.swift in Sources */ = {isa = PBXBuildFile; fileRef = B6BB58E8E18BED3412B2E242 /* LockScreenView.swift */; };
		4AF01F5859827EF3A43759A5 /* Models.swift in Sources */ = {isa = PBXBuildFile; fileRef = 1D9F7D4A91CED97290C1DB8C /* Models.swift */; };
		52AF35F0AB0BF445099B434F /* EmergencyAudioService.swift in Sources */ = {isa = PBXBuildFile; fileRef = 6469F575084A65890CC1EED1 /* EmergencyAudioService.swift */; };
		5310C8FF9EB2131D87FF5412 /* Placeholders.swift in Sources */ = {isa = PBXBuildFile; fileRef = F55D6A619E217E70D5C7A44A /* Placeholders.swift */; };
		53EF3A66FDC5D39BB2A7618C /* LoginView.swift in Sources */ = {isa = PBXBuildFile; fileRef = F6FD8EDD6903B57BCCDC892C /* LoginView.swift */; };
		60D182C323BA113B936CE46D /* LocationService.swift in Sources */ = {isa = PBXBuildFile; fileRef = 21383F25265044179A40B52A /* LocationService.swift */; };
		772414A41716848719006E56 /* PasswordSetupView.swift in Sources */ = {isa = PBXBuildFile; fileRef = 73DE885E89E88BE58A649795 /* PasswordSetupView.swift */; };
		79CCC1EA3A3C9F83BE05D0E6 /* SessionManager.swift in Sources */ = {isa = PBXBuildFile; fileRef = A3E94B5C1543774AE5C96593 /* SessionManager.swift */; };
		8A8B88B20F20FDC3885AD917 /* PermissionsView.swift in Sources */ = {isa = PBXBuildFile; fileRef = 6CA1990017160E598499A990 /* PermissionsView.swift */; };
		8B1CCEC23D39634A9423B28E /* RootView.swift in Sources */ = {isa = PBXBuildFile; fileRef = 8D0DDC9F816159D8DC6E15AD /* RootView.swift */; };
		9AD6B20638AF7259D11980DF /* AlertDetailView.swift in Sources */ = {isa = PBXBuildFile; fileRef = 47D9886E45F76B66AFFE6497 /* AlertDetailView.swift */; };
		9F8908872126AE2C256ECE72 /* PPPIXActivityMonitor.swift in Sources */ = {isa = PBXBuildFile; fileRef = DA8772655D61B311A39E7DB2 /* PPPIXActivityMonitor.swift */; };
		AA9F59160C223B5D690B777A /* PPPIXApp.swift in Sources */ = {isa = PBXBuildFile; fileRef = 44822AE10B58BA30D794B47A /* PPPIXApp.swift */; };
		B0AD62D3D87FF2A4CC1A7093 /* ShieldConfigurationExtension.swift in Sources */ = {isa = PBXBuildFile; fileRef = C36046503F693B9D0BD7C083 /* ShieldConfigurationExtension.swift */; };
		B3F8C4DA104C7C833A64495D /* Components.swift in Sources */ = {isa = PBXBuildFile; fileRef = B9AD1EA3A444D8327085C3C9 /* Components.swift */; };
		C1416CF0063BFF9A8A44EA7A /* FirebaseMessaging in Frameworks */ = {isa = PBXBuildFile; productRef = A87B57DB3F3285E8AB0F896F /* FirebaseMessaging */; };
		D1AC02FAD42A633A93A476F4 /* AlertsView.swift in Sources */ = {isa = PBXBuildFile; fileRef = F7B550DBFA546A04A3550363 /* AlertsView.swift */; };
		DA62FA35D089593F32795F20 /* BackgroundTaskManager.swift in Sources */ = {isa = PBXBuildFile; fileRef = 69A52D13ABC49334401677B5 /* BackgroundTaskManager.swift */; };
		DD90DC86CE2361440D86D0CF /* ContactsView.swift in Sources */ = {isa = PBXBuildFile; fileRef = F8ADCE04D7E54ABBFB03745C /* ContactsView.swift */; };
/* End PBXBuildFile section */

/* Begin PBXFileReference section */
		00E6A8AFB62CFCEDBC911AB5 /* ProfileView.swift */ = {isa = PBXFileReference; lastKnownFileType = sourcecode.swift; path = ProfileView.swift; sourceTree = "<group>"; };
		0F06C51A8E646DEB86A8E4FF /* RegisterView.swift */ = {isa = PBXFileReference; lastKnownFileType = sourcecode.swift; path = RegisterView.swift; sourceTree = "<group>"; };
		174CD04D3E2DFF92C892A21D /* ScreenTimeManager.swift */ = {isa = PBXFileReference; lastKnownFileType = sourcecode.swift; path = ScreenTimeManager.swift; sourceTree = "<group>"; };
		1B58E65C5E065FA73386C71F /* Info.plist */ = {isa = PBXFileReference; lastKnownFileType = text.plist; path = Info.plist; sourceTree = "<group>"; };
		1D9F7D4A91CED97290C1DB8C /* Models.swift */ = {isa = PBXFileReference; lastKnownFileType = sourcecode.swift; path = Models.swift; sourceTree = "<group>"; };
		21383F25265044179A40B52A /* LocationService.swift */ = {isa = PBXFileReference; lastKnownFileType = sourcecode.swift; path = LocationService.swift; sourceTree = "<group>"; };
		2895319DE400AEECED5A0003 /* PPPIXBlockExtension.appex */ = {isa = PBXFileReference; includeInIndex = 0; lastKnownFileType = "wrapper.app-extension"; path = PPPIXBlockExtension.appex; sourceTree = BUILT_PRODUCTS_DIR; };
		32CC93A7A3A634E047896C6C /* PPPIXActivityMonitor.appex */ = {isa = PBXFileReference; includeInIndex = 0; lastKnownFileType = "wrapper.app-extension"; path = PPPIXActivityMonitor.appex; sourceTree = BUILT_PRODUCTS_DIR; };
		33CA7FFC7532F54EE6C7CC85 /* SubscriptionView.swift */ = {isa = PBXFileReference; lastKnownFileType = sourcecode.swift; path = SubscriptionView.swift; sourceTree = "<group>"; };
		44822AE10B58BA30D794B47A /* PPPIXApp.swift */ = {isa = PBXFileReference; lastKnownFileType = sourcecode.swift; path = PPPIXApp.swift; sourceTree = "<group>"; };
		47D9886E45F76B66AFFE6497 /* AlertDetailView.swift */ = {isa = PBXFileReference; lastKnownFileType = sourcecode.swift; path = AlertDetailView.swift; sourceTree = "<group>"; };
		6469F575084A65890CC1EED1 /* EmergencyAudioService.swift */ = {isa = PBXFileReference; lastKnownFileType = sourcecode.swift; path = EmergencyAudioService.swift; sourceTree = "<group>"; };
		64810A9596590CB3FE8E4110 /* Info.plist */ = {isa = PBXFileReference; lastKnownFileType = text.plist; path = Info.plist; sourceTree = "<group>"; };
		69A52D13ABC49334401677B5 /* BackgroundTaskManager.swift */ = {isa = PBXFileReference; lastKnownFileType = sourcecode.swift; path = BackgroundTaskManager.swift; sourceTree = "<group>"; };
		6CA1990017160E598499A990 /* PermissionsView.swift */ = {isa = PBXFileReference; lastKnownFileType = sourcecode.swift; path = PermissionsView.swift; sourceTree = "<group>"; };
		71249C6A275A9BD1B7319635 /* AppListView.swift */ = {isa = PBXFileReference; lastKnownFileType = sourcecode.swift; path = AppListView.swift; sourceTree = "<group>"; };
		73DE885E89E88BE58A649795 /* PasswordSetupView.swift */ = {isa = PBXFileReference; lastKnownFileType = sourcecode.swift; path = PasswordSetupView.swift; sourceTree = "<group>"; };
		8D0DDC9F816159D8DC6E15AD /* RootView.swift */ = {isa = PBXFileReference; lastKnownFileType = sourcecode.swift; path = RootView.swift; sourceTree = "<group>"; };
		95DF60C6C2CAA8A7C7661BA2 /* HomeView.swift */ = {isa = PBXFileReference; lastKnownFileType = sourcecode.swift; path = HomeView.swift; sourceTree = "<group>"; };
		A3E94B5C1543774AE5C96593 /* SessionManager.swift */ = {isa = PBXFileReference; lastKnownFileType = sourcecode.swift; path = SessionManager.swift; sourceTree = "<group>"; };
		B6BB58E8E18BED3412B2E242 /* LockScreenView.swift */ = {isa = PBXFileReference; lastKnownFileType = sourcecode.swift; path = LockScreenView.swift; sourceTree = "<group>"; };
		B9AD1EA3A444D8327085C3C9 /* Components.swift */ = {isa = PBXFileReference; lastKnownFileType = sourcecode.swift; path = Components.swift; sourceTree = "<group>"; };
		C36046503F693B9D0BD7C083 /* ShieldConfigurationExtension.swift */ = {isa = PBXFileReference; lastKnownFileType = sourcecode.swift; path = ShieldConfigurationExtension.swift; sourceTree = "<group>"; };
		DA8772655D61B311A39E7DB2 /* PPPIXActivityMonitor.swift */ = {isa = PBXFileReference; lastKnownFileType = sourcecode.swift; path = PPPIXActivityMonitor.swift; sourceTree = "<group>"; };
		E2FE3A4D919B4D3C8826CAAC /* VehiclesView.swift */ = {isa = PBXFileReference; lastKnownFileType = sourcecode.swift; path = VehiclesView.swift; sourceTree = "<group>"; };
		E3608B3C672B7A472AD2AFDD /* APIClient.swift */ = {isa = PBXFileReference; lastKnownFileType = sourcecode.swift; path = APIClient.swift; sourceTree = "<group>"; };
		F55D6A619E217E70D5C7A44A /* Placeholders.swift */ = {isa = PBXFileReference; lastKnownFileType = sourcecode.swift; path = Placeholders.swift; sourceTree = "<group>"; };
		F6FD8EDD6903B57BCCDC892C /* LoginView.swift */ = {isa = PBXFileReference; lastKnownFileType = sourcecode.swift; path = LoginView.swift; sourceTree = "<group>"; };
		F7B550DBFA546A04A3550363 /* AlertsView.swift */ = {isa = PBXFileReference; lastKnownFileType = sourcecode.swift; path = AlertsView.swift; sourceTree = "<group>"; };
		F8ADCE04D7E54ABBFB03745C /* ContactsView.swift */ = {isa = PBXFileReference; lastKnownFileType = sourcecode.swift; path = ContactsView.swift; sourceTree = "<group>"; };
		FCA3D56FC92D7710CD9F3371 /* PPPIX.app */ = {isa = PBXFileReference; includeInIndex = 0; lastKnownFileType = wrapper.application; path = PPPIX.app; sourceTree = BUILT_PRODUCTS_DIR; };
/* End PBXFileReference section */

/* Begin PBXFrameworksBuildPhase section */
		16356C544CA45E03F86981C4 /* Frameworks */ = {
			isa = PBXFrameworksBuildPhase;
			buildActionMask = 2147483647;
			files = (
				10E7A5FBD8C3D29C1BBDEE03 /* FirebaseCore in Frameworks */,
				C1416CF0063BFF9A8A44EA7A /* FirebaseMessaging in Frameworks */,
			);
			runOnlyForDeploymentPostprocessing = 0;
		};
/* End PBXFrameworksBuildPhase section */

/* Begin PBXGroup section */
		15ECAB5E5FFE07126723F858 /* PPPIXBlockExtension */ = {
			isa = PBXGroup;
			children = (
				1B58E65C5E065FA73386C71F /* Info.plist */,
				C36046503F693B9D0BD7C083 /* ShieldConfigurationExtension.swift */,
			);
			path = PPPIXBlockExtension;
			sourceTree = "<group>";
		};
		18B4822965707D2525CB6791 /* Emergency */ = {
			isa = PBXGroup;
			children = (
				6469F575084A65890CC1EED1 /* EmergencyAudioService.swift */,
			);
			path = Emergency;
			sourceTree = "<group>";
		};
		1BD4B07E3D65E0C8FAB71909 /* Vehicles */ = {
			isa = PBXGroup;
			children = (
				E2FE3A4D919B4D3C8826CAAC /* VehiclesView.swift */,
			);
			path = Vehicles;
			sourceTree = "<group>";
		};
		32E62CCCAB7316FAFBA6EBA1 /* Lock */ = {
			isa = PBXGroup;
			children = (
				B6BB58E8E18BED3412B2E242 /* LockScreenView.swift */,
			);
			path = Lock;
			sourceTree = "<group>";
		};
		3AEBE63BEDE0480F6E35C0FB /* Permissions */ = {
			isa = PBXGroup;
			children = (
				71249C6A275A9BD1B7319635 /* AppListView.swift */,
				6CA1990017160E598499A990 /* PermissionsView.swift */,
			);
			path = Permissions;
			sourceTree = "<group>";
		};
		3C74333354AA3B9ECA70E83A /* Passwords */ = {
			isa = PBXGroup;
			children = (
				73DE885E89E88BE58A649795 /* PasswordSetupView.swift */,
			);
			path = Passwords;
			sourceTree = "<group>";
		};
		4AAD8288D780EEB6BD60FA70 /* Products */ = {
			isa = PBXGroup;
			children = (
				FCA3D56FC92D7710CD9F3371 /* PPPIX.app */,
				32CC93A7A3A634E047896C6C /* PPPIXActivityMonitor.appex */,
				2895319DE400AEECED5A0003 /* PPPIXBlockExtension.appex */,
			);
			name = Products;
			sourceTree = "<group>";
		};
		579770480DDA938D1BC7D84D /* Network */ = {
			isa = PBXGroup;
			children = (
				E3608B3C672B7A472AD2AFDD /* APIClient.swift */,
			);
			path = Network;
			sourceTree = "<group>";
		};
		619973A3158F260919DC3D6D /* Home */ = {
			isa = PBXGroup;
			children = (
				95DF60C6C2CAA8A7C7661BA2 /* HomeView.swift */,
			);
			path = Home;
			sourceTree = "<group>";
		};
		63E85F75905569AEB803AF70 /* Resources */ = {
			isa = PBXGroup;
			children = (
				B9AD1EA3A444D8327085C3C9 /* Components.swift */,
			);
			name = Resources;
			path = PPPIX/Resources;
			sourceTree = "<group>";
		};
		7D99165B8066505F6E4D6711 /* Models */ = {
			isa = PBXGroup;
			children = (
				1D9F7D4A91CED97290C1DB8C /* Models.swift */,
			);
			path = Models;
			sourceTree = "<group>";
		};
		8C7C704F77465500CE01C52F /* Location */ = {
			isa = PBXGroup;
			children = (
				21383F25265044179A40B52A /* LocationService.swift */,
			);
			path = Location;
			sourceTree = "<group>";
		};
		95CF0796BCB4752CC0CC1A9B /* AppBlock */ = {
			isa = PBXGroup;
			children = (
				69A52D13ABC49334401677B5 /* BackgroundTaskManager.swift */,
				174CD04D3E2DFF92C892A21D /* ScreenTimeManager.swift */,
			);
			path = AppBlock;
			sourceTree = "<group>";
		};
		965BFEB4993084656A8E814B /* PPPIXActivityMonitor */ = {
			isa = PBXGroup;
			children = (
				64810A9596590CB3FE8E4110 /* Info.plist */,
				DA8772655D61B311A39E7DB2 /* PPPIXActivityMonitor.swift */,
			);
			path = PPPIXActivityMonitor;
			sourceTree = "<group>";
		};
		99211CFE292AEEDC31C8D0F3 /* Features */ = {
			isa = PBXGroup;
			children = (
				F55D6A619E217E70D5C7A44A /* Placeholders.swift */,
				FF6D46740F70599FBB87257E /* Alerts */,
				E3F229B9BDCE20C1665E0101 /* Auth */,
				DB4366453C54D35969FA595C /* Contacts */,
				619973A3158F260919DC3D6D /* Home */,
				32E62CCCAB7316FAFBA6EBA1 /* Lock */,
				3C74333354AA3B9ECA70E83A /* Passwords */,
				3AEBE63BEDE0480F6E35C0FB /* Permissions */,
				C48606B63D2D91E6B2EEE164 /* Profile */,
				E4851DF9FE600384FF0A7CB7 /* Subscription */,
				1BD4B07E3D65E0C8FAB71909 /* Vehicles */,
			);
			name = Features;
			path = PPPIX/Features;
			sourceTree = "<group>";
		};
		9A62C33011A338B5D920DBCC = {
			isa = PBXGroup;
			children = (
				BCC42C7203D0107F96A1B094 /* App */,
				D19F1281D9EE2A1AA772E5C5 /* Core */,
				99211CFE292AEEDC31C8D0F3 /* Features */,
				965BFEB4993084656A8E814B /* PPPIXActivityMonitor */,
				15ECAB5E5FFE07126723F858 /* PPPIXBlockExtension */,
				63E85F75905569AEB803AF70 /* Resources */,
				F5090CBA6CB295CDADFC1F5A /* Services */,
				4AAD8288D780EEB6BD60FA70 /* Products */,
			);
			sourceTree = "<group>";
		};
		9FBA43601234C480393B16A3 /* Session */ = {
			isa = PBXGroup;
			children = (
				A3E94B5C1543774AE5C96593 /* SessionManager.swift */,
			);
			path = Session;
			sourceTree = "<group>";
		};
		BCC42C7203D0107F96A1B094 /* App */ = {
			isa = PBXGroup;
			children = (
				44822AE10B58BA30D794B47A /* PPPIXApp.swift */,
				8D0DDC9F816159D8DC6E15AD /* RootView.swift */,
			);
			name = App;
			path = PPPIX/App;
			sourceTree = "<group>";
		};
		C48606B63D2D91E6B2EEE164 /* Profile */ = {
			isa = PBXGroup;
			children = (
				00E6A8AFB62CFCEDBC911AB5 /* ProfileView.swift */,
			);
			path = Profile;
			sourceTree = "<group>";
		};
		D19F1281D9EE2A1AA772E5C5 /* Core */ = {
			isa = PBXGroup;
			children = (
				7D99165B8066505F6E4D6711 /* Models */,
				579770480DDA938D1BC7D84D /* Network */,
				9FBA43601234C480393B16A3 /* Session */,
			);
			name = Core;
			path = PPPIX/Core;
			sourceTree = "<group>";
		};
		DB4366453C54D35969FA595C /* Contacts */ = {
			isa = PBXGroup;
			children = (
				F8ADCE04D7E54ABBFB03745C /* ContactsView.swift */,
			);
			path = Contacts;
			sourceTree = "<group>";
		};
		E3F229B9BDCE20C1665E0101 /* Auth */ = {
			isa = PBXGroup;
			children = (
				F6FD8EDD6903B57BCCDC892C /* LoginView.swift */,
				0F06C51A8E646DEB86A8E4FF /* RegisterView.swift */,
			);
			path = Auth;
			sourceTree = "<group>";
		};
		E4851DF9FE600384FF0A7CB7 /* Subscription */ = {
			isa = PBXGroup;
			children = (
				33CA7FFC7532F54EE6C7CC85 /* SubscriptionView.swift */,
			);
			path = Subscription;
			sourceTree = "<group>";
		};
		F5090CBA6CB295CDADFC1F5A /* Services */ = {
			isa = PBXGroup;
			children = (
				95CF0796BCB4752CC0CC1A9B /* AppBlock */,
				18B4822965707D2525CB6791 /* Emergency */,
				8C7C704F77465500CE01C52F /* Location */,
			);
			name = Services;
			path = PPPIX/Services;
			sourceTree = "<group>";
		};
		FF6D46740F70599FBB87257E /* Alerts */ = {
			isa = PBXGroup;
			children = (
				47D9886E45F76B66AFFE6497 /* AlertDetailView.swift */,
				F7B550DBFA546A04A3550363 /* AlertsView.swift */,
			);
			path = Alerts;
			sourceTree = "<group>";
		};
/* End PBXGroup section */

/* Begin PBXNativeTarget section */
		745D1A1A13CAE3F86937E7EB /* PPPIXBlockExtension */ = {
			isa = PBXNativeTarget;
			buildConfigurationList = C8538A17F7125607ED02A91B /* Build configuration list for PBXNativeTarget "PPPIXBlockExtension" */;
			buildPhases = (
				70B2043B971A4D2806A5C502 /* Sources */,
			);
			buildRules = (
			);
			dependencies = (
			);
			name = PPPIXBlockExtension;
			packageProductDependencies = (
			);
			productName = PPPIXBlockExtension;
			productReference = 2895319DE400AEECED5A0003 /* PPPIXBlockExtension.appex */;
			productType = "com.apple.product-type.app-extension";
		};
		97CD154B266DDF0E31633BE3 /* PPPIXActivityMonitor */ = {
			isa = PBXNativeTarget;
			buildConfigurationList = F5AB12508E64E6338DB1C009 /* Build configuration list for PBXNativeTarget "PPPIXActivityMonitor" */;
			buildPhases = (
				53E5F944579BE455259740BB /* Sources */,
			);
			buildRules = (
			);
			dependencies = (
			);
			name = PPPIXActivityMonitor;
			packageProductDependencies = (
			);
			productName = PPPIXActivityMonitor;
			productReference = 32CC93A7A3A634E047896C6C /* PPPIXActivityMonitor.appex */;
			productType = "com.apple.product-type.app-extension";
		};
		C31931855EA1467DD254FD35 /* PPPIX */ = {
			isa = PBXNativeTarget;
			buildConfigurationList = 34C021F06D8AEB3BB4108536 /* Build configuration list for PBXNativeTarget "PPPIX" */;
			buildPhases = (
				7B364067ED961093DB2A1729 /* Sources */,
				16356C544CA45E03F86981C4 /* Frameworks */,
			);
			buildRules = (
			);
			dependencies = (
			);
			name = PPPIX;
			packageProductDependencies = (
				19A886431E899E42E51906A0 /* FirebaseCore */,
				A87B57DB3F3285E8AB0F896F /* FirebaseMessaging */,
			);
			productName = PPPIX;
			productReference = FCA3D56FC92D7710CD9F3371 /* PPPIX.app */;
			productType = "com.apple.product-type.application";
		};
/* End PBXNativeTarget section */

/* Begin PBXProject section */
		C9F8F1EF396453A5DB7E3870 /* Project object */ = {
			isa = PBXProject;
			attributes = {
				BuildIndependentTargetsInParallel = YES;
				LastUpgradeCheck = 1620;
				TargetAttributes = {
					745D1A1A13CAE3F86937E7EB = {
						DevelopmentTeam = "";
						ProvisioningStyle = Automatic;
					};
					97CD154B266DDF0E31633BE3 = {
						DevelopmentTeam = "";
						ProvisioningStyle = Automatic;
					};
					C31931855EA1467DD254FD35 = {
						DevelopmentTeam = "";
						ProvisioningStyle = Automatic;
					};
				};
			};
			buildConfigurationList = 765005C2D8AD77E3AFA60B7D /* Build configuration list for PBXProject "PPPIX" */;
			developmentRegion = en;
			hasScannedForEncodings = 0;
			knownRegions = (
				Base,
				en,
			);
			mainGroup = 9A62C33011A338B5D920DBCC;
			minimizedProjectReferenceProxies = 1;
			packageReferences = (
				496112CEA4A78572A866E841 /* XCRemoteSwiftPackageReference "firebase-ios-sdk" */,
			);
			preferredProjectObjectVersion = 77;
			productRefGroup = 4AAD8288D780EEB6BD60FA70 /* Products */;
			projectDirPath = "";
			projectRoot = "";
			targets = (
				C31931855EA1467DD254FD35 /* PPPIX */,
				97CD154B266DDF0E31633BE3 /* PPPIXActivityMonitor */,
				745D1A1A13CAE3F86937E7EB /* PPPIXBlockExtension */,
			);
		};
/* End PBXProject section */

/* Begin PBXSourcesBuildPhase section */
		53E5F944579BE455259740BB /* Sources */ = {
			isa = PBXSourcesBuildPhase;
			buildActionMask = 2147483647;
			files = (
				9F8908872126AE2C256ECE72 /* PPPIXActivityMonitor.swift in Sources */,
			);
			runOnlyForDeploymentPostprocessing = 0;
		};
		70B2043B971A4D2806A5C502 /* Sources */ = {
			isa = PBXSourcesBuildPhase;
			buildActionMask = 2147483647;
			files = (
				B0AD62D3D87FF2A4CC1A7093 /* ShieldConfigurationExtension.swift in Sources */,
			);
			runOnlyForDeploymentPostprocessing = 0;
		};
		7B364067ED961093DB2A1729 /* Sources */ = {
			isa = PBXSourcesBuildPhase;
			buildActionMask = 2147483647;
			files = (
				2CDBCB38E8FF0E90CD42CCFF /* APIClient.swift in Sources */,
				9AD6B20638AF7259D11980DF /* AlertDetailView.swift in Sources */,
				D1AC02FAD42A633A93A476F4 /* AlertsView.swift in Sources */,
				29FEF3A73C7D784797BB8B29 /* AppListView.swift in Sources */,
				DA62FA35D089593F32795F20 /* BackgroundTaskManager.swift in Sources */,
				B3F8C4DA104C7C833A64495D /* Components.swift in Sources */,
				DD90DC86CE2361440D86D0CF /* ContactsView.swift in Sources */,
				52AF35F0AB0BF445099B434F /* EmergencyAudioService.swift in Sources */,
				376636D3B0D69E12D542DAA8 /* HomeView.swift in Sources */,
				60D182C323BA113B936CE46D /* LocationService.swift in Sources */,
				450128413A68E10FD8F82623 /* LockScreenView.swift in Sources */,
				53EF3A66FDC5D39BB2A7618C /* LoginView.swift in Sources */,
				4AF01F5859827EF3A43759A5 /* Models.swift in Sources */,
				AA9F59160C223B5D690B777A /* PPPIXApp.swift in Sources */,
				772414A41716848719006E56 /* PasswordSetupView.swift in Sources */,
				8A8B88B20F20FDC3885AD917 /* PermissionsView.swift in Sources */,
				5310C8FF9EB2131D87FF5412 /* Placeholders.swift in Sources */,
				3D3A958BC9489BDDFB80EAA6 /* ProfileView.swift in Sources */,
				425F912A372D339508B6453B /* RegisterView.swift in Sources */,
				8B1CCEC23D39634A9423B28E /* RootView.swift in Sources */,
				0B68A51B45F53C7D6D39FEE8 /* ScreenTimeManager.swift in Sources */,
				79CCC1EA3A3C9F83BE05D0E6 /* SessionManager.swift in Sources */,
				3A1FA1F8B1D21A30E70059D7 /* SubscriptionView.swift in Sources */,
				384C17D344ACCA136E2691E6 /* VehiclesView.swift in Sources */,
			);
			runOnlyForDeploymentPostprocessing = 0;
		};
/* End PBXSourcesBuildPhase section */

/* Begin XCBuildConfiguration section */
		06BB078653671751AB57522F /* Debug */ = {
			isa = XCBuildConfiguration;
			buildSettings = {
				ALWAYS_SEARCH_USER_PATHS = NO;
				CLANG_ANALYZER_NONNULL = YES;
				CLANG_ANALYZER_NUMBER_OBJECT_CONVERSION = YES_AGGRESSIVE;
				CLANG_CXX_LANGUAGE_STANDARD = "gnu++14";
				CLANG_CXX_LIBRARY = "libc++";
				CLANG_ENABLE_MODULES = YES;
				CLANG_ENABLE_OBJC_ARC = YES;
				CLANG_ENABLE_OBJC_WEAK = YES;
				CLANG_WARN_BLOCK_CAPTURE_AUTORELEASING = YES;
				CLANG_WARN_BOOL_CONVERSION = YES;
				CLANG_WARN_COMMA = YES;
				CLANG_WARN_CONSTANT_CONVERSION = YES;
				CLANG_WARN_DEPRECATED_OBJC_IMPLEMENTATIONS = YES;
				CLANG_WARN_DIRECT_OBJC_ISA_USAGE = YES_ERROR;
				CLANG_WARN_DOCUMENTATION_COMMENTS = YES;
				CLANG_WARN_EMPTY_BODY = YES;
				CLANG_WARN_ENUM_CONVERSION = YES;
				CLANG_WARN_INFINITE_RECURSION = YES;
				CLANG_WARN_INT_CONVERSION = YES;
				CLANG_WARN_NON_LITERAL_NULL_CONVERSION = YES;
				CLANG_WARN_OBJC_IMPLICIT_RETAIN_SELF = YES;
				CLANG_WARN_OBJC_LITERAL_CONVERSION = YES;
				CLANG_WARN_OBJC_ROOT_CLASS = YES_ERROR;
				CLANG_WARN_QUOTED_INCLUDE_IN_FRAMEWORK_HEADER = YES;
				CLANG_WARN_RANGE_LOOP_ANALYSIS = YES;
				CLANG_WARN_STRICT_PROTOTYPES = YES;
				CLANG_WARN_SUSPICIOUS_MOVE = YES;
				CLANG_WARN_UNGUARDED_AVAILABILITY = YES_AGGRESSIVE;
				CLANG_WARN_UNREACHABLE_CODE = YES;
				CLANG_WARN__DUPLICATE_METHOD_MATCH = YES;
				COPY_PHASE_STRIP = NO;
				CURRENT_PROJECT_VERSION = 1;
				DEBUG_INFORMATION_FORMAT = dwarf;
				ENABLE_STRICT_OBJC_MSGSEND = YES;
				ENABLE_TESTABILITY = YES;
				GCC_C_LANGUAGE_STANDARD = gnu11;
				GCC_DYNAMIC_NO_PIC = NO;
				GCC_NO_COMMON_BLOCKS = YES;
				GCC_OPTIMIZATION_LEVEL = 0;
				GCC_PREPROCESSOR_DEFINITIONS = (
					"$(inherited)",
					"DEBUG=1",
				);
				GCC_WARN_64_TO_32_BIT_CONVERSION = YES;
				GCC_WARN_ABOUT_RETURN_TYPE = YES_ERROR;
				GCC_WARN_UNDECLARED_SELECTOR = YES;
				GCC_WARN_UNINITIALIZED_AUTOS = YES_AGGRESSIVE;
				GCC_WARN_UNUSED_FUNCTION = YES;
				GCC_WARN_UNUSED_VARIABLE = YES;
				IPHONEOS_DEPLOYMENT_TARGET = 16.0;
				MARKETING_VERSION = 1.0.0;
				MTL_ENABLE_DEBUG_INFO = INCLUDE_SOURCE;
				MTL_FAST_MATH = YES;
				ONLY_ACTIVE_ARCH = YES;
				PRODUCT_NAME = "$(TARGET_NAME)";
				SDKROOT = iphoneos;
				SWIFT_ACTIVE_COMPILATION_CONDITIONS = DEBUG;
				SWIFT_OPTIMIZATION_LEVEL = "-Onone";
				SWIFT_VERSION = 5.9;
				TARGETED_DEVICE_FAMILY = 1;
			};
			name = Debug;
		};
		1C67911A9FD03E261E33613E /* Release */ = {
			isa = XCBuildConfiguration;
			buildSettings = {
				CODE_SIGN_ENTITLEMENTS = PPPIXBlockExtension/PPPIXBlockExtension.entitlements;
				CODE_SIGN_STYLE = Automatic;
				DEVELOPMENT_TEAM = "";
				INFOPLIST_FILE = PPPIXBlockExtension/Info.plist;
				IPHONEOS_DEPLOYMENT_TARGET = 16.0;
				LD_RUNPATH_SEARCH_PATHS = (
					"$(inherited)",
					"@executable_path/Frameworks",
					"@executable_path/../../Frameworks",
				);
				PRODUCT_BUNDLE_IDENTIFIER = tech.pppix.app.block;
				SDKROOT = iphoneos;
				TARGETED_DEVICE_FAMILY = "1,2";
			};
			name = Release;
		};
		3EA6EBAD87321143395A6904 /* Debug */ = {
			isa = XCBuildConfiguration;
			buildSettings = {
				CODE_SIGN_ENTITLEMENTS = PPPIXBlockExtension/PPPIXBlockExtension.entitlements;
				CODE_SIGN_STYLE = Automatic;
				DEVELOPMENT_TEAM = "";
				INFOPLIST_FILE = PPPIXBlockExtension/Info.plist;
				IPHONEOS_DEPLOYMENT_TARGET = 16.0;
				LD_RUNPATH_SEARCH_PATHS = (
					"$(inherited)",
					"@executable_path/Frameworks",
					"@executable_path/../../Frameworks",
				);
				PRODUCT_BUNDLE_IDENTIFIER = tech.pppix.app.block;
				SDKROOT = iphoneos;
				TARGETED_DEVICE_FAMILY = "1,2";
			};
			name = Debug;
		};
		5B6A925A4801D76F495D4196 /* Release */ = {
			isa = XCBuildConfiguration;
			buildSettings = {
				ASSETCATALOG_COMPILER_APPICON_NAME = AppIcon;
				CODE_SIGN_ENTITLEMENTS = PPPIX/PPPIX.entitlements;
				CODE_SIGN_IDENTITY = "iPhone Developer";
				CODE_SIGN_STYLE = Automatic;
				DEVELOPMENT_TEAM = "";
				INFOPLIST_FILE = PPPIX/Resources/Info.plist;
				IPHONEOS_DEPLOYMENT_TARGET = 16.0;
				LD_RUNPATH_SEARCH_PATHS = (
					"$(inherited)",
					"@executable_path/Frameworks",
				);
				PRODUCT_BUNDLE_IDENTIFIER = tech.pppix.app;
				SDKROOT = iphoneos;
				TARGETED_DEVICE_FAMILY = "1,2";
			};
			name = Release;
		};
		672CAEABDE92C453394669D4 /* Debug */ = {
			isa = XCBuildConfiguration;
			buildSettings = {
				CODE_SIGN_ENTITLEMENTS = PPPIXActivityMonitor/PPPIXActivityMonitor.entitlements;
				CODE_SIGN_STYLE = Automatic;
				DEVELOPMENT_TEAM = "";
				INFOPLIST_FILE = PPPIXActivityMonitor/Info.plist;
				IPHONEOS_DEPLOYMENT_TARGET = 16.0;
				LD_RUNPATH_SEARCH_PATHS = (
					"$(inherited)",
					"@executable_path/Frameworks",
					"@executable_path/../../Frameworks",
				);
				PRODUCT_BUNDLE_IDENTIFIER = tech.pppix.app.monitor;
				SDKROOT = iphoneos;
				TARGETED_DEVICE_FAMILY = "1,2";
			};
			name = Debug;
		};
		91DBE1BF00E9DA77C146C396 /* Debug */ = {
			isa = XCBuildConfiguration;
			buildSettings = {
				ASSETCATALOG_COMPILER_APPICON_NAME = AppIcon;
				CODE_SIGN_ENTITLEMENTS = PPPIX/PPPIX.entitlements;
				CODE_SIGN_IDENTITY = "iPhone Developer";
				CODE_SIGN_STYLE = Automatic;
				DEVELOPMENT_TEAM = "";
				INFOPLIST_FILE = PPPIX/Resources/Info.plist;
				IPHONEOS_DEPLOYMENT_TARGET = 16.0;
				LD_RUNPATH_SEARCH_PATHS = (
					"$(inherited)",
					"@executable_path/Frameworks",
				);
				PRODUCT_BUNDLE_IDENTIFIER = tech.pppix.app;
				SDKROOT = iphoneos;
				TARGETED_DEVICE_FAMILY = "1,2";
			};
			name = Debug;
		};
		B3CC4037089B89D590F53887 /* Release */ = {
			isa = XCBuildConfiguration;
			buildSettings = {
				CODE_SIGN_ENTITLEMENTS = PPPIXActivityMonitor/PPPIXActivityMonitor.entitlements;
				CODE_SIGN_STYLE = Automatic;
				DEVELOPMENT_TEAM = "";
				INFOPLIST_FILE = PPPIXActivityMonitor/Info.plist;
				IPHONEOS_DEPLOYMENT_TARGET = 16.0;
				LD_RUNPATH_SEARCH_PATHS = (
					"$(inherited)",
					"@executable_path/Frameworks",
					"@executable_path/../../Frameworks",
				);
				PRODUCT_BUNDLE_IDENTIFIER = tech.pppix.app.monitor;
				SDKROOT = iphoneos;
				TARGETED_DEVICE_FAMILY = "1,2";
			};
			name = Release;
		};
		C4F600E31040A654851C8E62 /* Release */ = {
			isa = XCBuildConfiguration;
			buildSettings = {
				ALWAYS_SEARCH_USER_PATHS = NO;
				CLANG_ANALYZER_NONNULL = YES;
				CLANG_ANALYZER_NUMBER_OBJECT_CONVERSION = YES_AGGRESSIVE;
				CLANG_CXX_LANGUAGE_STANDARD = "gnu++14";
				CLANG_CXX_LIBRARY = "libc++";
				CLANG_ENABLE_MODULES = YES;
				CLANG_ENABLE_OBJC_ARC = YES;
				CLANG_ENABLE_OBJC_WEAK = YES;
				CLANG_WARN_BLOCK_CAPTURE_AUTORELEASING = YES;
				CLANG_WARN_BOOL_CONVERSION = YES;
				CLANG_WARN_COMMA = YES;
				CLANG_WARN_CONSTANT_CONVERSION = YES;
				CLANG_WARN_DEPRECATED_OBJC_IMPLEMENTATIONS = YES;
				CLANG_WARN_DIRECT_OBJC_ISA_USAGE = YES_ERROR;
				CLANG_WARN_DOCUMENTATION_COMMENTS = YES;
				CLANG_WARN_EMPTY_BODY = YES;
				CLANG_WARN_ENUM_CONVERSION = YES;
				CLANG_WARN_INFINITE_RECURSION = YES;
				CLANG_WARN_INT_CONVERSION = YES;
				CLANG_WARN_NON_LITERAL_NULL_CONVERSION = YES;
				CLANG_WARN_OBJC_IMPLICIT_RETAIN_SELF = YES;
				CLANG_WARN_OBJC_LITERAL_CONVERSION = YES;
				CLANG_WARN_OBJC_ROOT_CLASS = YES_ERROR;
				CLANG_WARN_QUOTED_INCLUDE_IN_FRAMEWORK_HEADER = YES;
				CLANG_WARN_RANGE_LOOP_ANALYSIS = YES;
				CLANG_WARN_STRICT_PROTOTYPES = YES;
				CLANG_WARN_SUSPICIOUS_MOVE = YES;
				CLANG_WARN_UNGUARDED_AVAILABILITY = YES_AGGRESSIVE;
				CLANG_WARN_UNREACHABLE_CODE = YES;
				CLANG_WARN__DUPLICATE_METHOD_MATCH = YES;
				COPY_PHASE_STRIP = NO;
				CURRENT_PROJECT_VERSION = 1;
				DEBUG_INFORMATION_FORMAT = "dwarf-with-dsym";
				ENABLE_NS_ASSERTIONS = NO;
				ENABLE_STRICT_OBJC_MSGSEND = YES;
				GCC_C_LANGUAGE_STANDARD = gnu11;
				GCC_NO_COMMON_BLOCKS = YES;
				GCC_WARN_64_TO_32_BIT_CONVERSION = YES;
				GCC_WARN_ABOUT_RETURN_TYPE = YES_ERROR;
				GCC_WARN_UNDECLARED_SELECTOR = YES;
				GCC_WARN_UNINITIALIZED_AUTOS = YES_AGGRESSIVE;
				GCC_WARN_UNUSED_FUNCTION = YES;
				GCC_WARN_UNUSED_VARIABLE = YES;
				IPHONEOS_DEPLOYMENT_TARGET = 16.0;
				MARKETING_VERSION = 1.0.0;
				MTL_ENABLE_DEBUG_INFO = NO;
				MTL_FAST_MATH = YES;
				PRODUCT_NAME = "$(TARGET_NAME)";
				SDKROOT = iphoneos;
				SWIFT_COMPILATION_MODE = wholemodule;
				SWIFT_OPTIMIZATION_LEVEL = "-O";
				SWIFT_VERSION = 5.9;
				TARGETED_DEVICE_FAMILY = 1;
			};
			name = Release;
		};
/* End XCBuildConfiguration section */

/* Begin XCConfigurationList section */
		34C021F06D8AEB3BB4108536 /* Build configuration list for PBXNativeTarget "PPPIX" */ = {
			isa = XCConfigurationList;
			buildConfigurations = (
				91DBE1BF00E9DA77C146C396 /* Debug */,
				5B6A925A4801D76F495D4196 /* Release */,
			);
			defaultConfigurationIsVisible = 0;
			defaultConfigurationName = Debug;
		};
		765005C2D8AD77E3AFA60B7D /* Build configuration list for PBXProject "PPPIX" */ = {
			isa = XCConfigurationList;
			buildConfigurations = (
				06BB078653671751AB57522F /* Debug */,
				C4F600E31040A654851C8E62 /* Release */,
			);
			defaultConfigurationIsVisible = 0;
			defaultConfigurationName = Debug;
		};
		C8538A17F7125607ED02A91B /* Build configuration list for PBXNativeTarget "PPPIXBlockExtension" */ = {
			isa = XCConfigurationList;
			buildConfigurations = (
				3EA6EBAD87321143395A6904 /* Debug */,
				1C67911A9FD03E261E33613E /* Release */,
			);
			defaultConfigurationIsVisible = 0;
			defaultConfigurationName = Debug;
		};
		F5AB12508E64E6338DB1C009 /* Build configuration list for PBXNativeTarget "PPPIXActivityMonitor" */ = {
			isa = XCConfigurationList;
			buildConfigurations = (
				672CAEABDE92C453394669D4 /* Debug */,
				B3CC4037089B89D590F53887 /* Release */,
			);
			defaultConfigurationIsVisible = 0;
			defaultConfigurationName = Debug;
		};
/* End XCConfigurationList section */

/* Begin XCRemoteSwiftPackageReference section */
		496112CEA4A78572A866E841 /* XCRemoteSwiftPackageReference "firebase-ios-sdk" */ = {
			isa = XCRemoteSwiftPackageReference;
			repositoryURL = "https://github.com/firebase/firebase-ios-sdk";
			requirement = {
				kind = exactVersion;
				version = 11.6.0;
			};
		};
/* End XCRemoteSwiftPackageReference section */

/* Begin XCSwiftPackageProductDependency section */
		19A886431E899E42E51906A0 /* FirebaseCore */ = {
			isa = XCSwiftPackageProductDependency;
			package = 496112CEA4A78572A866E841 /* XCRemoteSwiftPackageReference "firebase-ios-sdk" */;
			productName = FirebaseCore;
		};
		A87B57DB3F3285E8AB0F896F /* FirebaseMessaging */ = {
			isa = XCSwiftPackageProductDependency;
			package = 496112CEA4A78572A866E841 /* XCRemoteSwiftPackageReference "firebase-ios-sdk" */;
			productName = FirebaseMessaging;
		};
/* End XCSwiftPackageProductDependency section */
	};
	rootObject = C9F8F1EF396453A5DB7E3870 /* Project object */;
}
